PODS:
  - Alamofire (5.6.4)
  - lottie-ios (4.0.0)
  - SDWebImage (5.14.2):
    - SDWebImage/Core (= 5.14.2)
  - SDWebImage/Core (5.14.2)

DEPENDENCIES:
  - Alamofire
  - lottie-ios
  - SDWebImage

SPEC REPOS:
  https://github.com/CocoaPods/Specs.git:
    - Alamofire
    - lottie-ios
    - SDWebImage

SPEC CHECKSUMS:
  Alamofire: 4e95d97098eacb88856099c4fc79b526a299e48c
  lottie-ios: 0b5919ae7673fd7a1c36122b7cb6a9050e9c9f58
  SDWebImage: b9a731e1d6307f44ca703b3976d18c24ca561e84

PODFILE CHECKSUM: a1f851f56ba32364503fe8c37ae869f81ba9d5e4

COCOAPODS: 1.12.1
