PODS:
  - Alamofire (5.9.1)
  - lottie-ios (4.5.0)
  - SDWebImage (5.19.4):
    - SDWebImage/Core (= 5.19.4)
  - SDWebImage/Core (5.19.4)
  - SwiftGen (6.6.3)

DEPENDENCIES:
  - Alamofire
  - lottie-ios
  - SDWebImage
  - SwiftGen

SPEC REPOS:
  https://github.com/CocoaPods/Specs.git:
    - Alamofire
    - lottie-ios
    - SDWebImage
    - SwiftGen

SPEC CHECKSUMS:
  Alamofire: f36a35757af4587d8e4f4bfa223ad10be2422b8c
  lottie-ios: a881093fab623c467d3bce374367755c272bdd59
  SDWebImage: 066c47b573f408f18caa467d71deace7c0f8280d
  SwiftGen: 4993cbf71cbc4886f775e26f8d5c3a1188ec9f99

PODFILE CHECKSUM: b1b5bc9b190857b7eafa0e7a42ed30b5d1ccff1b

COCOAPODS: 1.15.2
