// !$*UTF8*$!
{
	archiveVersion = 1;
	classes = {
	};
	objectVersion = 56;
	objects = {

/* Begin PBXBuildFile section */
		CB3D5B792A9F334A0090AC36 /* AppDelegate.swift in Sources */ = {isa = PBXBuildFile; fileRef = CB3D5B782A9F334A0090AC36 /* AppDelegate.swift */; };
		CB3D5B7D2A9F334A0090AC36 /* ViewController.swift in Sources */ = {isa = PBXBuildFile; fileRef = CB3D5B7C2A9F334A0090AC36 /* ViewController.swift */; };
		CB3D5B802A9F334A0090AC36 /* Main.storyboard in Resources */ = {isa = PBXBuildFile; fileRef = CB3D5B7E2A9F334A0090AC36 /* Main.storyboard */; };
		CB3D5B822A9F334B0090AC36 /* Assets.xcassets in Resources */ = {isa = PBXBuildFile; fileRef = CB3D5B812A9F334B0090AC36 /* Assets.xcassets */; };
		CB3D5B852A9F334B0090AC36 /* LaunchScreen.storyboard in Resources */ = {isa = PBXBuildFile; fileRef = CB3D5B832A9F334B0090AC36 /* LaunchScreen.storyboard */; };
		CB3D5BA52A9F33690090AC36 /* UIViewPreview.swift in Sources */ = {isa = PBXBuildFile; fileRef = CB3D5B8E2A9F33690090AC36 /* UIViewPreview.swift */; };
		CB3D5BA62A9F33690090AC36 /* Preview.swift in Sources */ = {isa = PBXBuildFile; fileRef = CB3D5B8F2A9F33690090AC36 /* Preview.swift */; };
		CB3D5BA72A9F33690090AC36 /* UIViewControllerPreview.swift in Sources */ = {isa = PBXBuildFile; fileRef = CB3D5B902A9F33690090AC36 /* UIViewControllerPreview.swift */; };
		CB3D5BA82A9F33690090AC36 /* Publisher+Extension.swift in Sources */ = {isa = PBXBuildFile; fileRef = CB3D5B922A9F33690090AC36 /* Publisher+Extension.swift */; };
		CB3D5BA92A9F33690090AC36 /* Publisher+ErrorTracker.swift in Sources */ = {isa = PBXBuildFile; fileRef = CB3D5B932A9F33690090AC36 /* Publisher+ErrorTracker.swift */; };
		CB3D5BAA2A9F33690090AC36 /* Publisher+ActivityTracker.swift in Sources */ = {isa = PBXBuildFile; fileRef = CB3D5B942A9F33690090AC36 /* Publisher+ActivityTracker.swift */; };
		CB3D5BAB2A9F33690090AC36 /* UIApplication+Extension.swift in Sources */ = {isa = PBXBuildFile; fileRef = CB3D5B962A9F33690090AC36 /* UIApplication+Extension.swift */; };
		CB3D5BAC2A9F33690090AC36 /* UIViewController+Extension.swift in Sources */ = {isa = PBXBuildFile; fileRef = CB3D5B972A9F33690090AC36 /* UIViewController+Extension.swift */; };
		CB3D5BAD2A9F33690090AC36 /* UICollectionView+Extension.swift in Sources */ = {isa = PBXBuildFile; fileRef = CB3D5B982A9F33690090AC36 /* UICollectionView+Extension.swift */; };
		CB3D5BAE2A9F33690090AC36 /* UITableView+Extension.swift in Sources */ = {isa = PBXBuildFile; fileRef = CB3D5B992A9F33690090AC36 /* UITableView+Extension.swift */; };
		CB3D5BAF2A9F33690090AC36 /* String+Extension.swift in Sources */ = {isa = PBXBuildFile; fileRef = CB3D5B9B2A9F33690090AC36 /* String+Extension.swift */; };
		CB3D5BB02A9F33690090AC36 /* BindableType.swift in Sources */ = {isa = PBXBuildFile; fileRef = CB3D5B9D2A9F33690090AC36 /* BindableType.swift */; };
		CB3D5BB12A9F33690090AC36 /* DisposeBag.swift in Sources */ = {isa = PBXBuildFile; fileRef = CB3D5B9E2A9F33690090AC36 /* DisposeBag.swift */; };
		CB3D5BB22A9F33690090AC36 /* Binder.swift in Sources */ = {isa = PBXBuildFile; fileRef = CB3D5B9F2A9F33690090AC36 /* Binder.swift */; };
		CB3D5BB32A9F33690090AC36 /* ClassIdentifiable.swift in Sources */ = {isa = PBXBuildFile; fileRef = CB3D5BA12A9F33690090AC36 /* ClassIdentifiable.swift */; };
		CB3D5BB42A9F33690090AC36 /* NibIdentifiable.swift in Sources */ = {isa = PBXBuildFile; fileRef = CB3D5BA22A9F33690090AC36 /* NibIdentifiable.swift */; };
		CB3D5BB52A9F33690090AC36 /* UICollectionView+Identifiable.swift in Sources */ = {isa = PBXBuildFile; fileRef = CB3D5BA32A9F33690090AC36 /* UICollectionView+Identifiable.swift */; };
		CB3D5BB62A9F33690090AC36 /* UITableView+Identifiable.swift in Sources */ = {isa = PBXBuildFile; fileRef = CB3D5BA42A9F33690090AC36 /* UITableView+Identifiable.swift */; };
		CB3D5BCB2A9F33790090AC36 /* BaseViewController.swift in Sources */ = {isa = PBXBuildFile; fileRef = CB3D5BB82A9F33790090AC36 /* BaseViewController.swift */; };
		CB3D5BCC2A9F33790090AC36 /* AlamofireLogger.swift in Sources */ = {isa = PBXBuildFile; fileRef = CB3D5BBB2A9F33790090AC36 /* AlamofireLogger.swift */; };
		CB3D5BCD2A9F33790090AC36 /* TargetType.swift in Sources */ = {isa = PBXBuildFile; fileRef = CB3D5BBC2A9F33790090AC36 /* TargetType.swift */; };
		CB3D5BCE2A9F33790090AC36 /* APIError.swift in Sources */ = {isa = PBXBuildFile; fileRef = CB3D5BBE2A9F33790090AC36 /* APIError.swift */; };
		CB3D5BCF2A9F33790090AC36 /* AFError+Extension.swift in Sources */ = {isa = PBXBuildFile; fileRef = CB3D5BBF2A9F33790090AC36 /* AFError+Extension.swift */; };
		CB3D5BD02A9F33790090AC36 /* BaseAPI.swift in Sources */ = {isa = PBXBuildFile; fileRef = CB3D5BC02A9F33790090AC36 /* BaseAPI.swift */; };
		CB3D5BD12A9F33790090AC36 /* AFNetworking.swift in Sources */ = {isa = PBXBuildFile; fileRef = CB3D5BC22A9F33790090AC36 /* AFNetworking.swift */; };
		CB3D5BD22A9F33790090AC36 /* Configuration.swift in Sources */ = {isa = PBXBuildFile; fileRef = CB3D5BC32A9F33790090AC36 /* Configuration.swift */; };
		CB3D5BD32A9F33790090AC36 /* BaseViewModel.swift in Sources */ = {isa = PBXBuildFile; fileRef = CB3D5BC52A9F33790090AC36 /* BaseViewModel.swift */; };
		CB3D5BD42A9F33790090AC36 /* BaseViewModelS.swift in Sources */ = {isa = PBXBuildFile; fileRef = CB3D5BC62A9F33790090AC36 /* BaseViewModelS.swift */; };
		CB3D5BD52A9F33790090AC36 /* APIRouter.swift in Sources */ = {isa = PBXBuildFile; fileRef = CB3D5BC82A9F33790090AC36 /* APIRouter.swift */; };
		CB3D5BD62A9F33790090AC36 /* SearchModel.swift in Sources */ = {isa = PBXBuildFile; fileRef = CB3D5BCA2A9F33790090AC36 /* SearchModel.swift */; };
		CB3D5BD92A9F33820090AC36 /* SearchUseCase.swift in Sources */ = {isa = PBXBuildFile; fileRef = CB3D5BD82A9F33820090AC36 /* SearchUseCase.swift */; };
		CB3D5BE72A9F338B0090AC36 /* SearchViewController.swift in Sources */ = {isa = PBXBuildFile; fileRef = CB3D5BDF2A9F338B0090AC36 /* SearchViewController.swift */; };
		CB3D5BE82A9F338B0090AC36 /* SearchViewModel.swift in Sources */ = {isa = PBXBuildFile; fileRef = CB3D5BE02A9F338B0090AC36 /* SearchViewModel.swift */; };
		CB3D5BE92A9F338B0090AC36 /* SearchTableViewCell.xib in Resources */ = {isa = PBXBuildFile; fileRef = CB3D5BE22A9F338B0090AC36 /* SearchTableViewCell.xib */; };
		CB3D5BEA2A9F338B0090AC36 /* SearchTableViewCell.swift in Sources */ = {isa = PBXBuildFile; fileRef = CB3D5BE32A9F338B0090AC36 /* SearchTableViewCell.swift */; };
		CB3D5BEB2A9F338B0090AC36 /* SearchViewController.xib in Resources */ = {isa = PBXBuildFile; fileRef = CB3D5BE42A9F338B0090AC36 /* SearchViewController.xib */; };
		CB3D5BEF2A9F34A70090AC36 /* BaseCoordinator.swift in Sources */ = {isa = PBXBuildFile; fileRef = CB3D5BEE2A9F34A70090AC36 /* BaseCoordinator.swift */; };
		CB3D5BF12A9F34BD0090AC36 /* SearchViewCoordinator.swift in Sources */ = {isa = PBXBuildFile; fileRef = CB3D5BF02A9F34BD0090AC36 /* SearchViewCoordinator.swift */; };
		CB3D5BF42A9F35A50090AC36 /* Alamofire in Frameworks */ = {isa = PBXBuildFile; productRef = CB3D5BF32A9F35A50090AC36 /* Alamofire */; };
		CB3D5BF72A9F3B7F0090AC36 /* SDWebImage in Frameworks */ = {isa = PBXBuildFile; productRef = CB3D5BF62A9F3B7F0090AC36 /* SDWebImage */; };
		CB3D5BFD2A9F3ECE0090AC36 /* Lottie in Frameworks */ = {isa = PBXBuildFile; productRef = CB3D5BFC2A9F3ECE0090AC36 /* Lottie */; };
		CB3D5BFF2A9F3F970090AC36 /* animation.json in Resources */ = {isa = PBXBuildFile; fileRef = CB3D5BFE2A9F3F970090AC36 /* animation.json */; };
		CB3D5C032A9F8CA10090AC36 /* DetailViewController.swift in Sources */ = {isa = PBXBuildFile; fileRef = CB3D5C012A9F8CA10090AC36 /* DetailViewController.swift */; };
		CB3D5C042A9F8CA10090AC36 /* DetailViewController.xib in Resources */ = {isa = PBXBuildFile; fileRef = CB3D5C022A9F8CA10090AC36 /* DetailViewController.xib */; };
		CB3D5C062A9F8CEE0090AC36 /* DetailViewModel.swift in Sources */ = {isa = PBXBuildFile; fileRef = CB3D5C052A9F8CEE0090AC36 /* DetailViewModel.swift */; };
		CB3D5C092A9F8D5B0090AC36 /* DetailUseCaseType.swift in Sources */ = {isa = PBXBuildFile; fileRef = CB3D5C082A9F8D5B0090AC36 /* DetailUseCaseType.swift */; };
		CB3D5C0C2A9F8DD10090AC36 /* DetaiViewCoordinator.swift in Sources */ = {isa = PBXBuildFile; fileRef = CB3D5C0B2A9F8DD10090AC36 /* DetaiViewCoordinator.swift */; };
/* End PBXBuildFile section */

/* Begin PBXFileReference section */
		CB3D5B752A9F334A0090AC36 /* mvvm-combine-uikit.app */ = {isa = PBXFileReference; explicitFileType = wrapper.application; includeInIndex = 0; path = "mvvm-combine-uikit.app"; sourceTree = BUILT_PRODUCTS_DIR; };
		CB3D5B782A9F334A0090AC36 /* AppDelegate.swift */ = {isa = PBXFileReference; lastKnownFileType = sourcecode.swift; path = AppDelegate.swift; sourceTree = "<group>"; };
		CB3D5B7C2A9F334A0090AC36 /* ViewController.swift */ = {isa = PBXFileReference; lastKnownFileType = sourcecode.swift; path = ViewController.swift; sourceTree = "<group>"; };
		CB3D5B7F2A9F334A0090AC36 /* Base */ = {isa = PBXFileReference; lastKnownFileType = file.storyboard; name = Base; path = Base.lproj/Main.storyboard; sourceTree = "<group>"; };
		CB3D5B812A9F334B0090AC36 /* Assets.xcassets */ = {isa = PBXFileReference; lastKnownFileType = folder.assetcatalog; path = Assets.xcassets; sourceTree = "<group>"; };
		CB3D5B842A9F334B0090AC36 /* Base */ = {isa = PBXFileReference; lastKnownFileType = file.storyboard; name = Base; path = Base.lproj/LaunchScreen.storyboard; sourceTree = "<group>"; };
		CB3D5B862A9F334B0090AC36 /* Info.plist */ = {isa = PBXFileReference; lastKnownFileType = text.plist.xml; path = Info.plist; sourceTree = "<group>"; };
		CB3D5B8E2A9F33690090AC36 /* UIViewPreview.swift */ = {isa = PBXFileReference; fileEncoding = 4; lastKnownFileType = sourcecode.swift; path = UIViewPreview.swift; sourceTree = "<group>"; };
		CB3D5B8F2A9F33690090AC36 /* Preview.swift */ = {isa = PBXFileReference; fileEncoding = 4; lastKnownFileType = sourcecode.swift; path = Preview.swift; sourceTree = "<group>"; };
		CB3D5B902A9F33690090AC36 /* UIViewControllerPreview.swift */ = {isa = PBXFileReference; fileEncoding = 4; lastKnownFileType = sourcecode.swift; path = UIViewControllerPreview.swift; sourceTree = "<group>"; };
		CB3D5B922A9F33690090AC36 /* Publisher+Extension.swift */ = {isa = PBXFileReference; fileEncoding = 4; lastKnownFileType = sourcecode.swift; path = "Publisher+Extension.swift"; sourceTree = "<group>"; };
		CB3D5B932A9F33690090AC36 /* Publisher+ErrorTracker.swift */ = {isa = PBXFileReference; fileEncoding = 4; lastKnownFileType = sourcecode.swift; path = "Publisher+ErrorTracker.swift"; sourceTree = "<group>"; };
		CB3D5B942A9F33690090AC36 /* Publisher+ActivityTracker.swift */ = {isa = PBXFileReference; fileEncoding = 4; lastKnownFileType = sourcecode.swift; path = "Publisher+ActivityTracker.swift"; sourceTree = "<group>"; };
		CB3D5B962A9F33690090AC36 /* UIApplication+Extension.swift */ = {isa = PBXFileReference; fileEncoding = 4; lastKnownFileType = sourcecode.swift; path = "UIApplication+Extension.swift"; sourceTree = "<group>"; };
		CB3D5B972A9F33690090AC36 /* UIViewController+Extension.swift */ = {isa = PBXFileReference; fileEncoding = 4; lastKnownFileType = sourcecode.swift; path = "UIViewController+Extension.swift"; sourceTree = "<group>"; };
		CB3D5B982A9F33690090AC36 /* UICollectionView+Extension.swift */ = {isa = PBXFileReference; fileEncoding = 4; lastKnownFileType = sourcecode.swift; path = "UICollectionView+Extension.swift"; sourceTree = "<group>"; };
		CB3D5B992A9F33690090AC36 /* UITableView+Extension.swift */ = {isa = PBXFileReference; fileEncoding = 4; lastKnownFileType = sourcecode.swift; path = "UITableView+Extension.swift"; sourceTree = "<group>"; };
		CB3D5B9B2A9F33690090AC36 /* String+Extension.swift */ = {isa = PBXFileReference; fileEncoding = 4; lastKnownFileType = sourcecode.swift; path = "String+Extension.swift"; sourceTree = "<group>"; };
		CB3D5B9D2A9F33690090AC36 /* BindableType.swift */ = {isa = PBXFileReference; fileEncoding = 4; lastKnownFileType = sourcecode.swift; path = BindableType.swift; sourceTree = "<group>"; };
		CB3D5B9E2A9F33690090AC36 /* DisposeBag.swift */ = {isa = PBXFileReference; fileEncoding = 4; lastKnownFileType = sourcecode.swift; path = DisposeBag.swift; sourceTree = "<group>"; };
		CB3D5B9F2A9F33690090AC36 /* Binder.swift */ = {isa = PBXFileReference; fileEncoding = 4; lastKnownFileType = sourcecode.swift; path = Binder.swift; sourceTree = "<group>"; };
		CB3D5BA12A9F33690090AC36 /* ClassIdentifiable.swift */ = {isa = PBXFileReference; fileEncoding = 4; lastKnownFileType = sourcecode.swift; path = ClassIdentifiable.swift; sourceTree = "<group>"; };
		CB3D5BA22A9F33690090AC36 /* NibIdentifiable.swift */ = {isa = PBXFileReference; fileEncoding = 4; lastKnownFileType = sourcecode.swift; path = NibIdentifiable.swift; sourceTree = "<group>"; };
		CB3D5BA32A9F33690090AC36 /* UICollectionView+Identifiable.swift */ = {isa = PBXFileReference; fileEncoding = 4; lastKnownFileType = sourcecode.swift; path = "UICollectionView+Identifiable.swift"; sourceTree = "<group>"; };
		CB3D5BA42A9F33690090AC36 /* UITableView+Identifiable.swift */ = {isa = PBXFileReference; fileEncoding = 4; lastKnownFileType = sourcecode.swift; path = "UITableView+Identifiable.swift"; sourceTree = "<group>"; };
		CB3D5BB82A9F33790090AC36 /* BaseViewController.swift */ = {isa = PBXFileReference; fileEncoding = 4; lastKnownFileType = sourcecode.swift; path = BaseViewController.swift; sourceTree = "<group>"; };
		CB3D5BBB2A9F33790090AC36 /* AlamofireLogger.swift */ = {isa = PBXFileReference; fileEncoding = 4; lastKnownFileType = sourcecode.swift; path = AlamofireLogger.swift; sourceTree = "<group>"; };
		CB3D5BBC2A9F33790090AC36 /* TargetType.swift */ = {isa = PBXFileReference; fileEncoding = 4; lastKnownFileType = sourcecode.swift; path = TargetType.swift; sourceTree = "<group>"; };
		CB3D5BBE2A9F33790090AC36 /* APIError.swift */ = {isa = PBXFileReference; fileEncoding = 4; lastKnownFileType = sourcecode.swift; path = APIError.swift; sourceTree = "<group>"; };
		CB3D5BBF2A9F33790090AC36 /* AFError+Extension.swift */ = {isa = PBXFileReference; fileEncoding = 4; lastKnownFileType = sourcecode.swift; path = "AFError+Extension.swift"; sourceTree = "<group>"; };
		CB3D5BC02A9F33790090AC36 /* BaseAPI.swift */ = {isa = PBXFileReference; fileEncoding = 4; lastKnownFileType = sourcecode.swift; path = BaseAPI.swift; sourceTree = "<group>"; };
		CB3D5BC22A9F33790090AC36 /* AFNetworking.swift */ = {isa = PBXFileReference; fileEncoding = 4; lastKnownFileType = sourcecode.swift; path = AFNetworking.swift; sourceTree = "<group>"; };
		CB3D5BC32A9F33790090AC36 /* Configuration.swift */ = {isa = PBXFileReference; fileEncoding = 4; lastKnownFileType = sourcecode.swift; path = Configuration.swift; sourceTree = "<group>"; };
		CB3D5BC52A9F33790090AC36 /* BaseViewModel.swift */ = {isa = PBXFileReference; fileEncoding = 4; lastKnownFileType = sourcecode.swift; path = BaseViewModel.swift; sourceTree = "<group>"; };
		CB3D5BC62A9F33790090AC36 /* BaseViewModelS.swift */ = {isa = PBXFileReference; fileEncoding = 4; lastKnownFileType = sourcecode.swift; path = BaseViewModelS.swift; sourceTree = "<group>"; };
		CB3D5BC82A9F33790090AC36 /* APIRouter.swift */ = {isa = PBXFileReference; fileEncoding = 4; lastKnownFileType = sourcecode.swift; path = APIRouter.swift; sourceTree = "<group>"; };
		CB3D5BCA2A9F33790090AC36 /* SearchModel.swift */ = {isa = PBXFileReference; fileEncoding = 4; lastKnownFileType = sourcecode.swift; path = SearchModel.swift; sourceTree = "<group>"; };
		CB3D5BD82A9F33820090AC36 /* SearchUseCase.swift */ = {isa = PBXFileReference; fileEncoding = 4; lastKnownFileType = sourcecode.swift; path = SearchUseCase.swift; sourceTree = "<group>"; };
		CB3D5BDF2A9F338B0090AC36 /* SearchViewController.swift */ = {isa = PBXFileReference; fileEncoding = 4; lastKnownFileType = sourcecode.swift; path = SearchViewController.swift; sourceTree = "<group>"; };
		CB3D5BE02A9F338B0090AC36 /* SearchViewModel.swift */ = {isa = PBXFileReference; fileEncoding = 4; lastKnownFileType = sourcecode.swift; path = SearchViewModel.swift; sourceTree = "<group>"; };
		CB3D5BE22A9F338B0090AC36 /* SearchTableViewCell.xib */ = {isa = PBXFileReference; fileEncoding = 4; lastKnownFileType = file.xib; path = SearchTableViewCell.xib; sourceTree = "<group>"; };
		CB3D5BE32A9F338B0090AC36 /* SearchTableViewCell.swift */ = {isa = PBXFileReference; fileEncoding = 4; lastKnownFileType = sourcecode.swift; path = SearchTableViewCell.swift; sourceTree = "<group>"; };
		CB3D5BE42A9F338B0090AC36 /* SearchViewController.xib */ = {isa = PBXFileReference; fileEncoding = 4; lastKnownFileType = file.xib; path = SearchViewController.xib; sourceTree = "<group>"; };
		CB3D5BEE2A9F34A70090AC36 /* BaseCoordinator.swift */ = {isa = PBXFileReference; lastKnownFileType = sourcecode.swift; path = BaseCoordinator.swift; sourceTree = "<group>"; };
		CB3D5BF02A9F34BD0090AC36 /* SearchViewCoordinator.swift */ = {isa = PBXFileReference; lastKnownFileType = sourcecode.swift; path = SearchViewCoordinator.swift; sourceTree = "<group>"; };
		CB3D5BFE2A9F3F970090AC36 /* animation.json */ = {isa = PBXFileReference; fileEncoding = 4; lastKnownFileType = text.json; path = animation.json; sourceTree = "<group>"; };
		CB3D5C012A9F8CA10090AC36 /* DetailViewController.swift */ = {isa = PBXFileReference; lastKnownFileType = sourcecode.swift; path = DetailViewController.swift; sourceTree = "<group>"; };
		CB3D5C022A9F8CA10090AC36 /* DetailViewController.xib */ = {isa = PBXFileReference; lastKnownFileType = file.xib; path = DetailViewController.xib; sourceTree = "<group>"; };
		CB3D5C052A9F8CEE0090AC36 /* DetailViewModel.swift */ = {isa = PBXFileReference; lastKnownFileType = sourcecode.swift; path = DetailViewModel.swift; sourceTree = "<group>"; };
		CB3D5C082A9F8D5B0090AC36 /* DetailUseCaseType.swift */ = {isa = PBXFileReference; lastKnownFileType = sourcecode.swift; path = DetailUseCaseType.swift; sourceTree = "<group>"; };
		CB3D5C0B2A9F8DD10090AC36 /* DetaiViewCoordinator.swift */ = {isa = PBXFileReference; lastKnownFileType = sourcecode.swift; path = DetaiViewCoordinator.swift; sourceTree = "<group>"; };
/* End PBXFileReference section */

/* Begin PBXFrameworksBuildPhase section */
		CB3D5B722A9F334A0090AC36 /* Frameworks */ = {
			isa = PBXFrameworksBuildPhase;
			buildActionMask = 2147483647;
			files = (
				CB3D5BF72A9F3B7F0090AC36 /* SDWebImage in Frameworks */,
				CB3D5BF42A9F35A50090AC36 /* Alamofire in Frameworks */,
				CB3D5BFD2A9F3ECE0090AC36 /* Lottie in Frameworks */,
			);
			runOnlyForDeploymentPostprocessing = 0;
		};
/* End PBXFrameworksBuildPhase section */

/* Begin PBXGroup section */
		CB3D5B6C2A9F33490090AC36 = {
			isa = PBXGroup;
			children = (
				CB3D5B772A9F334A0090AC36 /* mvvm-combine-uikit */,
				CB3D5B762A9F334A0090AC36 /* Products */,
			);
			sourceTree = "<group>";
		};
		CB3D5B762A9F334A0090AC36 /* Products */ = {
			isa = PBXGroup;
			children = (
				CB3D5B752A9F334A0090AC36 /* mvvm-combine-uikit.app */,
			);
			name = Products;
			sourceTree = "<group>";
		};
		CB3D5B772A9F334A0090AC36 /* mvvm-combine-uikit */ = {
			isa = PBXGroup;
			children = (
				CB3D5BEC2A9F34350090AC36 /* Application */,
				CB3D5B8C2A9F33690090AC36 /* Extension */,
				CB3D5B9C2A9F33690090AC36 /* Utility */,
				CB3D5BB72A9F33790090AC36 /* Base */,
				CB3D5BC72A9F33790090AC36 /* NetworkLayer */,
				CB3D5BDA2A9F338B0090AC36 /* Module */,
				CB3D5B7C2A9F334A0090AC36 /* ViewController.swift */,
				CB3D5B7E2A9F334A0090AC36 /* Main.storyboard */,
				CB3D5BFE2A9F3F970090AC36 /* animation.json */,
				CB3D5B812A9F334B0090AC36 /* Assets.xcassets */,
				CB3D5B832A9F334B0090AC36 /* LaunchScreen.storyboard */,
				CB3D5B862A9F334B0090AC36 /* Info.plist */,
			);
			path = "mvvm-combine-uikit";
			sourceTree = "<group>";
		};
		CB3D5B8C2A9F33690090AC36 /* Extension */ = {
			isa = PBXGroup;
			children = (
				CB3D5B8D2A9F33690090AC36 /* SwiftUIPreview */,
				CB3D5B912A9F33690090AC36 /* Combine */,
				CB3D5B952A9F33690090AC36 /* UIKit */,
				CB3D5B9A2A9F33690090AC36 /* DataTypeExtension */,
			);
			path = Extension;
			sourceTree = "<group>";
		};
		CB3D5B8D2A9F33690090AC36 /* SwiftUIPreview */ = {
			isa = PBXGroup;
			children = (
				CB3D5B8E2A9F33690090AC36 /* UIViewPreview.swift */,
				CB3D5B8F2A9F33690090AC36 /* Preview.swift */,
				CB3D5B902A9F33690090AC36 /* UIViewControllerPreview.swift */,
			);
			path = SwiftUIPreview;
			sourceTree = "<group>";
		};
		CB3D5B912A9F33690090AC36 /* Combine */ = {
			isa = PBXGroup;
			children = (
				CB3D5B922A9F33690090AC36 /* Publisher+Extension.swift */,
				CB3D5B932A9F33690090AC36 /* Publisher+ErrorTracker.swift */,
				CB3D5B942A9F33690090AC36 /* Publisher+ActivityTracker.swift */,
			);
			path = Combine;
			sourceTree = "<group>";
		};
		CB3D5B952A9F33690090AC36 /* UIKit */ = {
			isa = PBXGroup;
			children = (
				CB3D5B962A9F33690090AC36 /* UIApplication+Extension.swift */,
				CB3D5B972A9F33690090AC36 /* UIViewController+Extension.swift */,
				CB3D5B982A9F33690090AC36 /* UICollectionView+Extension.swift */,
				CB3D5B992A9F33690090AC36 /* UITableView+Extension.swift */,
			);
			path = UIKit;
			sourceTree = "<group>";
		};
		CB3D5B9A2A9F33690090AC36 /* DataTypeExtension */ = {
			isa = PBXGroup;
			children = (
				CB3D5B9B2A9F33690090AC36 /* String+Extension.swift */,
			);
			path = DataTypeExtension;
			sourceTree = "<group>";
		};
		CB3D5B9C2A9F33690090AC36 /* Utility */ = {
			isa = PBXGroup;
			children = (
				CB3D5B9D2A9F33690090AC36 /* BindableType.swift */,
				CB3D5B9E2A9F33690090AC36 /* DisposeBag.swift */,
				CB3D5B9F2A9F33690090AC36 /* Binder.swift */,
				CB3D5BA02A9F33690090AC36 /* Identifiable */,
			);
			path = Utility;
			sourceTree = "<group>";
		};
		CB3D5BA02A9F33690090AC36 /* Identifiable */ = {
			isa = PBXGroup;
			children = (
				CB3D5BA12A9F33690090AC36 /* ClassIdentifiable.swift */,
				CB3D5BA22A9F33690090AC36 /* NibIdentifiable.swift */,
				CB3D5BA32A9F33690090AC36 /* UICollectionView+Identifiable.swift */,
				CB3D5BA42A9F33690090AC36 /* UITableView+Identifiable.swift */,
			);
			path = Identifiable;
			sourceTree = "<group>";
		};
		CB3D5BB72A9F33790090AC36 /* Base */ = {
			isa = PBXGroup;
			children = (
				CB3D5BB82A9F33790090AC36 /* BaseViewController.swift */,
				CB3D5BB92A9F33790090AC36 /* BaseNetwork */,
				CB3D5BC42A9F33790090AC36 /* BaseViewModel */,
				CB3D5BEE2A9F34A70090AC36 /* BaseCoordinator.swift */,
			);
			path = Base;
			sourceTree = "<group>";
		};
		CB3D5BB92A9F33790090AC36 /* BaseNetwork */ = {
			isa = PBXGroup;
			children = (
				CB3D5BBA2A9F33790090AC36 /* Logger */,
				CB3D5BBC2A9F33790090AC36 /* TargetType.swift */,
				CB3D5BBD2A9F33790090AC36 /* APIError */,
				CB3D5BC02A9F33790090AC36 /* BaseAPI.swift */,
				CB3D5BC12A9F33790090AC36 /* AFNetworking */,
				CB3D5BC32A9F33790090AC36 /* Configuration.swift */,
			);
			path = BaseNetwork;
			sourceTree = "<group>";
		};
		CB3D5BBA2A9F33790090AC36 /* Logger */ = {
			isa = PBXGroup;
			children = (
				CB3D5BBB2A9F33790090AC36 /* AlamofireLogger.swift */,
			);
			path = Logger;
			sourceTree = "<group>";
		};
		CB3D5BBD2A9F33790090AC36 /* APIError */ = {
			isa = PBXGroup;
			children = (
				CB3D5BBE2A9F33790090AC36 /* APIError.swift */,
				CB3D5BBF2A9F33790090AC36 /* AFError+Extension.swift */,
			);
			path = APIError;
			sourceTree = "<group>";
		};
		CB3D5BC12A9F33790090AC36 /* AFNetworking */ = {
			isa = PBXGroup;
			children = (
				CB3D5BC22A9F33790090AC36 /* AFNetworking.swift */,
			);
			path = AFNetworking;
			sourceTree = "<group>";
		};
		CB3D5BC42A9F33790090AC36 /* BaseViewModel */ = {
			isa = PBXGroup;
			children = (
				CB3D5BC52A9F33790090AC36 /* BaseViewModel.swift */,
				CB3D5BC62A9F33790090AC36 /* BaseViewModelS.swift */,
			);
			path = BaseViewModel;
			sourceTree = "<group>";
		};
		CB3D5BC72A9F33790090AC36 /* NetworkLayer */ = {
			isa = PBXGroup;
			children = (
				CB3D5BC82A9F33790090AC36 /* APIRouter.swift */,
				CB3D5BC92A9F33790090AC36 /* Model */,
			);
			path = NetworkLayer;
			sourceTree = "<group>";
		};
		CB3D5BC92A9F33790090AC36 /* Model */ = {
			isa = PBXGroup;
			children = (
				CB3D5BCA2A9F33790090AC36 /* SearchModel.swift */,
			);
			path = Model;
			sourceTree = "<group>";
		};
		CB3D5BD72A9F33820090AC36 /* UseCases */ = {
			isa = PBXGroup;
			children = (
				CB3D5BD82A9F33820090AC36 /* SearchUseCase.swift */,
			);
			path = UseCases;
			sourceTree = "<group>";
		};
		CB3D5BDA2A9F338B0090AC36 /* Module */ = {
			isa = PBXGroup;
			children = (
				CB3D5BDE2A9F338B0090AC36 /* SearchViewUIKit */,
				CB3D5C002A9F8C870090AC36 /* Detail */,
			);
			path = Module;
			sourceTree = "<group>";
		};
		CB3D5BDE2A9F338B0090AC36 /* SearchViewUIKit */ = {
			isa = PBXGroup;
			children = (
				CB3D5BD72A9F33820090AC36 /* UseCases */,
				CB3D5BED2A9F348E0090AC36 /* Coordinator */,
				CB3D5BE12A9F338B0090AC36 /* Cell */,
				CB3D5BDF2A9F338B0090AC36 /* SearchViewController.swift */,
				CB3D5BE42A9F338B0090AC36 /* SearchViewController.xib */,
				CB3D5BE02A9F338B0090AC36 /* SearchViewModel.swift */,
			);
			path = SearchViewUIKit;
			sourceTree = "<group>";
		};
		CB3D5BE12A9F338B0090AC36 /* Cell */ = {
			isa = PBXGroup;
			children = (
				CB3D5BE22A9F338B0090AC36 /* SearchTableViewCell.xib */,
				CB3D5BE32A9F338B0090AC36 /* SearchTableViewCell.swift */,
			);
			path = Cell;
			sourceTree = "<group>";
		};
		CB3D5BEC2A9F34350090AC36 /* Application */ = {
			isa = PBXGroup;
			children = (
				CB3D5B782A9F334A0090AC36 /* AppDelegate.swift */,
			);
			path = Application;
			sourceTree = "<group>";
		};
		CB3D5BED2A9F348E0090AC36 /* Coordinator */ = {
			isa = PBXGroup;
			children = (
				CB3D5BF02A9F34BD0090AC36 /* SearchViewCoordinator.swift */,
			);
			path = Coordinator;
			sourceTree = "<group>";
		};
		CB3D5C002A9F8C870090AC36 /* Detail */ = {
			isa = PBXGroup;
			children = (
				CB3D5C0A2A9F8DC20090AC36 /* Coordinator */,
				CB3D5C072A9F8D4A0090AC36 /* UseCase */,
				CB3D5C012A9F8CA10090AC36 /* DetailViewController.swift */,
				CB3D5C052A9F8CEE0090AC36 /* DetailViewModel.swift */,
				CB3D5C022A9F8CA10090AC36 /* DetailViewController.xib */,
			);
			path = Detail;
			sourceTree = "<group>";
		};
		CB3D5C072A9F8D4A0090AC36 /* UseCase */ = {
			isa = PBXGroup;
			children = (
				CB3D5C082A9F8D5B0090AC36 /* DetailUseCaseType.swift */,
			);
			path = UseCase;
			sourceTree = "<group>";
		};
		CB3D5C0A2A9F8DC20090AC36 /* Coordinator */ = {
			isa = PBXGroup;
			children = (
				CB3D5C0B2A9F8DD10090AC36 /* DetaiViewCoordinator.swift */,
			);
			path = Coordinator;
			sourceTree = "<group>";
		};
/* End PBXGroup section */

/* Begin PBXNativeTarget section */
		CB3D5B742A9F334A0090AC36 /* mvvm-combine-uikit */ = {
			isa = PBXNativeTarget;
			buildConfigurationList = CB3D5B892A9F334B0090AC36 /* Build configuration list for PBXNativeTarget "mvvm-combine-uikit" */;
			buildPhases = (
				CB3D5B712A9F334A0090AC36 /* Sources */,
				CB3D5B722A9F334A0090AC36 /* Frameworks */,
				CB3D5B732A9F334A0090AC36 /* Resources */,
			);
			buildRules = (
			);
			dependencies = (
			);
			name = "mvvm-combine-uikit";
			packageProductDependencies = (
				CB3D5BF32A9F35A50090AC36 /* Alamofire */,
				CB3D5BF62A9F3B7F0090AC36 /* SDWebImage */,
				CB3D5BFC2A9F3ECE0090AC36 /* Lottie */,
			);
			productName = "mvvm-combine-uikit";
			productReference = CB3D5B752A9F334A0090AC36 /* mvvm-combine-uikit.app */;
			productType = "com.apple.product-type.application";
		};
/* End PBXNativeTarget section */

/* Begin PBXProject section */
		CB3D5B6D2A9F33490090AC36 /* Project object */ = {
			isa = PBXProject;
			attributes = {
				BuildIndependentTargetsInParallel = 1;
				LastSwiftUpdateCheck = 1430;
				LastUpgradeCheck = 1430;
				TargetAttributes = {
					CB3D5B742A9F334A0090AC36 = {
						CreatedOnToolsVersion = 14.3;
					};
				};
			};
			buildConfigurationList = CB3D5B702A9F33490090AC36 /* Build configuration list for PBXProject "mvvm-combine-uikit" */;
			compatibilityVersion = "Xcode 14.0";
			developmentRegion = en;
			hasScannedForEncodings = 0;
			knownRegions = (
				en,
				Base,
			);
			mainGroup = CB3D5B6C2A9F33490090AC36;
			packageReferences = (
				CB3D5BF22A9F35A50090AC36 /* XCRemoteSwiftPackageReference "Alamofire" */,
				CB3D5BF52A9F3B7F0090AC36 /* XCRemoteSwiftPackageReference "SDWebImage" */,
				CB3D5BFB2A9F3ECE0090AC36 /* XCRemoteSwiftPackageReference "lottie-spm" */,
			);
			productRefGroup = CB3D5B762A9F334A0090AC36 /* Products */;
			projectDirPath = "";
			projectRoot = "";
			targets = (
				CB3D5B742A9F334A0090AC36 /* mvvm-combine-uikit */,
			);
		};
/* End PBXProject section */

/* Begin PBXResourcesBuildPhase section */
		CB3D5B732A9F334A0090AC36 /* Resources */ = {
			isa = PBXResourcesBuildPhase;
			buildActionMask = 2147483647;
			files = (
				CB3D5B852A9F334B0090AC36 /* LaunchScreen.storyboard in Resources */,
				CB3D5BE92A9F338B0090AC36 /* SearchTableViewCell.xib in Resources */,
				CB3D5C042A9F8CA10090AC36 /* DetailViewController.xib in Resources */,
				CB3D5B822A9F334B0090AC36 /* Assets.xcassets in Resources */,
				CB3D5BEB2A9F338B0090AC36 /* SearchViewController.xib in Resources */,
				CB3D5BFF2A9F3F970090AC36 /* animation.json in Resources */,
				CB3D5B802A9F334A0090AC36 /* Main.storyboard in Resources */,
			);
			runOnlyForDeploymentPostprocessing = 0;
		};
/* End PBXResourcesBuildPhase section */

/* Begin PBXSourcesBuildPhase section */
		CB3D5B712A9F334A0090AC36 /* Sources */ = {
			isa = PBXSourcesBuildPhase;
			buildActionMask = 2147483647;
			files = (
				CB3D5C032A9F8CA10090AC36 /* DetailViewController.swift in Sources */,
				CB3D5BF12A9F34BD0090AC36 /* SearchViewCoordinator.swift in Sources */,
				CB3D5BAD2A9F33690090AC36 /* UICollectionView+Extension.swift in Sources */,
				CB3D5B7D2A9F334A0090AC36 /* ViewController.swift in Sources */,
				CB3D5BAC2A9F33690090AC36 /* UIViewController+Extension.swift in Sources */,
				CB3D5BA72A9F33690090AC36 /* UIViewControllerPreview.swift in Sources */,
				CB3D5BB02A9F33690090AC36 /* BindableType.swift in Sources */,
				CB3D5BE82A9F338B0090AC36 /* SearchViewModel.swift in Sources */,
				CB3D5BD52A9F33790090AC36 /* APIRouter.swift in Sources */,
				CB3D5BD62A9F33790090AC36 /* SearchModel.swift in Sources */,
				CB3D5BA82A9F33690090AC36 /* Publisher+Extension.swift in Sources */,
				CB3D5BB52A9F33690090AC36 /* UICollectionView+Identifiable.swift in Sources */,
				CB3D5BA52A9F33690090AC36 /* UIViewPreview.swift in Sources */,
				CB3D5BD12A9F33790090AC36 /* AFNetworking.swift in Sources */,
				CB3D5BA62A9F33690090AC36 /* Preview.swift in Sources */,
				CB3D5BD22A9F33790090AC36 /* Configuration.swift in Sources */,
				CB3D5BD32A9F33790090AC36 /* BaseViewModel.swift in Sources */,
				CB3D5BEF2A9F34A70090AC36 /* BaseCoordinator.swift in Sources */,
				CB3D5BCC2A9F33790090AC36 /* AlamofireLogger.swift in Sources */,
				CB3D5B792A9F334A0090AC36 /* AppDelegate.swift in Sources */,
				CB3D5BB62A9F33690090AC36 /* UITableView+Identifiable.swift in Sources */,
				CB3D5BCD2A9F33790090AC36 /* TargetType.swift in Sources */,
				CB3D5C0C2A9F8DD10090AC36 /* DetaiViewCoordinator.swift in Sources */,
				CB3D5BEA2A9F338B0090AC36 /* SearchTableViewCell.swift in Sources */,
				CB3D5C062A9F8CEE0090AC36 /* DetailViewModel.swift in Sources */,
				CB3D5C092A9F8D5B0090AC36 /* DetailUseCaseType.swift in Sources */,
				CB3D5BAF2A9F33690090AC36 /* String+Extension.swift in Sources */,
				CB3D5BB22A9F33690090AC36 /* Binder.swift in Sources */,
				CB3D5BCB2A9F33790090AC36 /* BaseViewController.swift in Sources */,
				CB3D5BD42A9F33790090AC36 /* BaseViewModelS.swift in Sources */,
				CB3D5BB42A9F33690090AC36 /* NibIdentifiable.swift in Sources */,
				CB3D5BB12A9F33690090AC36 /* DisposeBag.swift in Sources */,
				CB3D5BE72A9F338B0090AC36 /* SearchViewController.swift in Sources */,
				CB3D5BB32A9F33690090AC36 /* ClassIdentifiable.swift in Sources */,
				CB3D5BAA2A9F33690090AC36 /* Publisher+ActivityTracker.swift in Sources */,
				CB3D5BA92A9F33690090AC36 /* Publisher+ErrorTracker.swift in Sources */,
				CB3D5BD02A9F33790090AC36 /* BaseAPI.swift in Sources */,
				CB3D5BAB2A9F33690090AC36 /* UIApplication+Extension.swift in Sources */,
				CB3D5BD92A9F33820090AC36 /* SearchUseCase.swift in Sources */,
				CB3D5BCE2A9F33790090AC36 /* APIError.swift in Sources */,
				CB3D5BAE2A9F33690090AC36 /* UITableView+Extension.swift in Sources */,
				CB3D5BCF2A9F33790090AC36 /* AFError+Extension.swift in Sources */,
			);
			runOnlyForDeploymentPostprocessing = 0;
		};
/* End PBXSourcesBuildPhase section */

/* Begin PBXVariantGroup section */
		CB3D5B7E2A9F334A0090AC36 /* Main.storyboard */ = {
			isa = PBXVariantGroup;
			children = (
				CB3D5B7F2A9F334A0090AC36 /* Base */,
			);
			name = Main.storyboard;
			sourceTree = "<group>";
		};
		CB3D5B832A9F334B0090AC36 /* LaunchScreen.storyboard */ = {
			isa = PBXVariantGroup;
			children = (
				CB3D5B842A9F334B0090AC36 /* Base */,
			);
			name = LaunchScreen.storyboard;
			sourceTree = "<group>";
		};
/* End PBXVariantGroup section */

/* Begin XCBuildConfiguration section */
		CB3D5B872A9F334B0090AC36 /* Debug */ = {
			isa = XCBuildConfiguration;
			buildSettings = {
				ALWAYS_SEARCH_USER_PATHS = NO;
				CLANG_ANALYZER_NONNULL = YES;
				CLANG_ANALYZER_NUMBER_OBJECT_CONVERSION = YES_AGGRESSIVE;
				CLANG_CXX_LANGUAGE_STANDARD = "gnu++20";
				CLANG_ENABLE_MODULES = YES;
				CLANG_ENABLE_OBJC_ARC = YES;
				CLANG_ENABLE_OBJC_WEAK = YES;
				CLANG_WARN_BLOCK_CAPTURE_AUTORELEASING = YES;
				CLANG_WARN_BOOL_CONVERSION = YES;
				CLANG_WARN_COMMA = YES;
				CLANG_WARN_CONSTANT_CONVERSION = YES;
				CLANG_WARN_DEPRECATED_OBJC_IMPLEMENTATIONS = YES;
				CLANG_WARN_DIRECT_OBJC_ISA_USAGE = YES_ERROR;
				CLANG_WARN_DOCUMENTATION_COMMENTS = YES;
				CLANG_WARN_EMPTY_BODY = YES;
				CLANG_WARN_ENUM_CONVERSION = YES;
				CLANG_WARN_INFINITE_RECURSION = YES;
				CLANG_WARN_INT_CONVERSION = YES;
				CLANG_WARN_NON_LITERAL_NULL_CONVERSION = YES;
				CLANG_WARN_OBJC_IMPLICIT_RETAIN_SELF = YES;
				CLANG_WARN_OBJC_LITERAL_CONVERSION = YES;
				CLANG_WARN_OBJC_ROOT_CLASS = YES_ERROR;
				CLANG_WARN_QUOTED_INCLUDE_IN_FRAMEWORK_HEADER = YES;
				CLANG_WARN_RANGE_LOOP_ANALYSIS = YES;
				CLANG_WARN_STRICT_PROTOTYPES = YES;
				CLANG_WARN_SUSPICIOUS_MOVE = YES;
				CLANG_WARN_UNGUARDED_AVAILABILITY = YES_AGGRESSIVE;
				CLANG_WARN_UNREACHABLE_CODE = YES;
				CLANG_WARN__DUPLICATE_METHOD_MATCH = YES;
				COPY_PHASE_STRIP = NO;
				DEBUG_INFORMATION_FORMAT = dwarf;
				ENABLE_STRICT_OBJC_MSGSEND = YES;
				ENABLE_TESTABILITY = YES;
				GCC_C_LANGUAGE_STANDARD = gnu11;
				GCC_DYNAMIC_NO_PIC = NO;
				GCC_NO_COMMON_BLOCKS = YES;
				GCC_OPTIMIZATION_LEVEL = 0;
				GCC_PREPROCESSOR_DEFINITIONS = (
					"DEBUG=1",
					"$(inherited)",
				);
				GCC_WARN_64_TO_32_BIT_CONVERSION = YES;
				GCC_WARN_ABOUT_RETURN_TYPE = YES_ERROR;
				GCC_WARN_UNDECLARED_SELECTOR = YES;
				GCC_WARN_UNINITIALIZED_AUTOS = YES_AGGRESSIVE;
				GCC_WARN_UNUSED_FUNCTION = YES;
				GCC_WARN_UNUSED_VARIABLE = YES;
				IPHONEOS_DEPLOYMENT_TARGET = 16.4;
				MTL_ENABLE_DEBUG_INFO = INCLUDE_SOURCE;
				MTL_FAST_MATH = YES;
				ONLY_ACTIVE_ARCH = YES;
				SDKROOT = iphoneos;
				SWIFT_ACTIVE_COMPILATION_CONDITIONS = DEBUG;
				SWIFT_OPTIMIZATION_LEVEL = "-Onone";
			};
			name = Debug;
		};
		CB3D5B882A9F334B0090AC36 /* Release */ = {
			isa = XCBuildConfiguration;
			buildSettings = {
				ALWAYS_SEARCH_USER_PATHS = NO;
				CLANG_ANALYZER_NONNULL = YES;
				CLANG_ANALYZER_NUMBER_OBJECT_CONVERSION = YES_AGGRESSIVE;
				CLANG_CXX_LANGUAGE_STANDARD = "gnu++20";
				CLANG_ENABLE_MODULES = YES;
				CLANG_ENABLE_OBJC_ARC = YES;
				CLANG_ENABLE_OBJC_WEAK = YES;
				CLANG_WARN_BLOCK_CAPTURE_AUTORELEASING = YES;
				CLANG_WARN_BOOL_CONVERSION = YES;
				CLANG_WARN_COMMA = YES;
				CLANG_WARN_CONSTANT_CONVERSION = YES;
				CLANG_WARN_DEPRECATED_OBJC_IMPLEMENTATIONS = YES;
				CLANG_WARN_DIRECT_OBJC_ISA_USAGE = YES_ERROR;
				CLANG_WARN_DOCUMENTATION_COMMENTS = YES;
				CLANG_WARN_EMPTY_BODY = YES;
				CLANG_WARN_ENUM_CONVERSION = YES;
				CLANG_WARN_INFINITE_RECURSION = YES;
				CLANG_WARN_INT_CONVERSION = YES;
				CLANG_WARN_NON_LITERAL_NULL_CONVERSION = YES;
				CLANG_WARN_OBJC_IMPLICIT_RETAIN_SELF = YES;
				CLANG_WARN_OBJC_LITERAL_CONVERSION = YES;
				CLANG_WARN_OBJC_ROOT_CLASS = YES_ERROR;
				CLANG_WARN_QUOTED_INCLUDE_IN_FRAMEWORK_HEADER = YES;
				CLANG_WARN_RANGE_LOOP_ANALYSIS = YES;
				CLANG_WARN_STRICT_PROTOTYPES = YES;
				CLANG_WARN_SUSPICIOUS_MOVE = YES;
				CLANG_WARN_UNGUARDED_AVAILABILITY = YES_AGGRESSIVE;
				CLANG_WARN_UNREACHABLE_CODE = YES;
				CLANG_WARN__DUPLICATE_METHOD_MATCH = YES;
				COPY_PHASE_STRIP = NO;
				DEBUG_INFORMATION_FORMAT = "dwarf-with-dsym";
				ENABLE_NS_ASSERTIONS = NO;
				ENABLE_STRICT_OBJC_MSGSEND = YES;
				GCC_C_LANGUAGE_STANDARD = gnu11;
				GCC_NO_COMMON_BLOCKS = YES;
				GCC_WARN_64_TO_32_BIT_CONVERSION = YES;
				GCC_WARN_ABOUT_RETURN_TYPE = YES_ERROR;
				GCC_WARN_UNDECLARED_SELECTOR = YES;
				GCC_WARN_UNINITIALIZED_AUTOS = YES_AGGRESSIVE;
				GCC_WARN_UNUSED_FUNCTION = YES;
				GCC_WARN_UNUSED_VARIABLE = YES;
				IPHONEOS_DEPLOYMENT_TARGET = 16.4;
				MTL_ENABLE_DEBUG_INFO = NO;
				MTL_FAST_MATH = YES;
				SDKROOT = iphoneos;
				SWIFT_COMPILATION_MODE = wholemodule;
				SWIFT_OPTIMIZATION_LEVEL = "-O";
				VALIDATE_PRODUCT = YES;
			};
			name = Release;
		};
		CB3D5B8A2A9F334B0090AC36 /* Debug */ = {
			isa = XCBuildConfiguration;
			buildSettings = {
				ASSETCATALOG_COMPILER_APPICON_NAME = AppIcon;
				ASSETCATALOG_COMPILER_GLOBAL_ACCENT_COLOR_NAME = AccentColor;
				CODE_SIGN_STYLE = Automatic;
				CURRENT_PROJECT_VERSION = 1;
				GENERATE_INFOPLIST_FILE = YES;
				INFOPLIST_FILE = "mvvm-combine-uikit/Info.plist";
				INFOPLIST_KEY_UIApplicationSupportsIndirectInputEvents = YES;
				INFOPLIST_KEY_UILaunchStoryboardName = LaunchScreen;
				INFOPLIST_KEY_UIMainStoryboardFile = Main;
				INFOPLIST_KEY_UISupportedInterfaceOrientations_iPad = "UIInterfaceOrientationPortrait UIInterfaceOrientationPortraitUpsideDown UIInterfaceOrientationLandscapeLeft UIInterfaceOrientationLandscapeRight";
				INFOPLIST_KEY_UISupportedInterfaceOrientations_iPhone = "UIInterfaceOrientationPortrait UIInterfaceOrientationLandscapeLeft UIInterfaceOrientationLandscapeRight";
				LD_RUNPATH_SEARCH_PATHS = (
					"$(inherited)",
					"@executable_path/Frameworks",
				);
				MARKETING_VERSION = 1.0;
				PRODUCT_BUNDLE_IDENTIFIER = "com.thanh.combines.ios.mvvm-combine-uikit";
				PRODUCT_NAME = "$(TARGET_NAME)";
				SWIFT_EMIT_LOC_STRINGS = YES;
				SWIFT_VERSION = 5.0;
				TARGETED_DEVICE_FAMILY = "1,2";
			};
			name = Debug;
		};
		CB3D5B8B2A9F334B0090AC36 /* Release */ = {
			isa = XCBuildConfiguration;
			buildSettings = {
				ASSETCATALOG_COMPILER_APPICON_NAME = AppIcon;
				ASSETCATALOG_COMPILER_GLOBAL_ACCENT_COLOR_NAME = AccentColor;
				CODE_SIGN_STYLE = Automatic;
				CURRENT_PROJECT_VERSION = 1;
				GENERATE_INFOPLIST_FILE = YES;
				INFOPLIST_FILE = "mvvm-combine-uikit/Info.plist";
				INFOPLIST_KEY_UIApplicationSupportsIndirectInputEvents = YES;
				INFOPLIST_KEY_UILaunchStoryboardName = LaunchScreen;
				INFOPLIST_KEY_UIMainStoryboardFile = Main;
				INFOPLIST_KEY_UISupportedInterfaceOrientations_iPad = "UIInterfaceOrientationPortrait UIInterfaceOrientationPortraitUpsideDown UIInterfaceOrientationLandscapeLeft UIInterfaceOrientationLandscapeRight";
				INFOPLIST_KEY_UISupportedInterfaceOrientations_iPhone = "UIInterfaceOrientationPortrait UIInterfaceOrientationLandscapeLeft UIInterfaceOrientationLandscapeRight";
				LD_RUNPATH_SEARCH_PATHS = (
					"$(inherited)",
					"@executable_path/Frameworks",
				);
				MARKETING_VERSION = 1.0;
				PRODUCT_BUNDLE_IDENTIFIER = "com.thanh.combines.ios.mvvm-combine-uikit";
				PRODUCT_NAME = "$(TARGET_NAME)";
				SWIFT_EMIT_LOC_STRINGS = YES;
				SWIFT_VERSION = 5.0;
				TARGETED_DEVICE_FAMILY = "1,2";
			};
			name = Release;
		};
/* End XCBuildConfiguration section */

/* Begin XCConfigurationList section */
		CB3D5B702A9F33490090AC36 /* Build configuration list for PBXProject "mvvm-combine-uikit" */ = {
			isa = XCConfigurationList;
			buildConfigurations = (
				CB3D5B872A9F334B0090AC36 /* Debug */,
				CB3D5B882A9F334B0090AC36 /* Release */,
			);
			defaultConfigurationIsVisible = 0;
			defaultConfigurationName = Release;
		};
		CB3D5B892A9F334B0090AC36 /* Build configuration list for PBXNativeTarget "mvvm-combine-uikit" */ = {
			isa = XCConfigurationList;
			buildConfigurations = (
				CB3D5B8A2A9F334B0090AC36 /* Debug */,
				CB3D5B8B2A9F334B0090AC36 /* Release */,
			);
			defaultConfigurationIsVisible = 0;
			defaultConfigurationName = Release;
		};
/* End XCConfigurationList section */

/* Begin XCRemoteSwiftPackageReference section */
		CB3D5BF22A9F35A50090AC36 /* XCRemoteSwiftPackageReference "Alamofire" */ = {
			isa = XCRemoteSwiftPackageReference;
			repositoryURL = "https://github.com/Alamofire/Alamofire.git";
			requirement = {
				kind = upToNextMajorVersion;
				minimumVersion = 5.6.4;
			};
		};
		CB3D5BF52A9F3B7F0090AC36 /* XCRemoteSwiftPackageReference "SDWebImage" */ = {
			isa = XCRemoteSwiftPackageReference;
			repositoryURL = "https://github.com/SDWebImage/SDWebImage.git";
			requirement = {
				kind = upToNextMajorVersion;
				minimumVersion = 5.1.0;
			};
		};
		CB3D5BFB2A9F3ECE0090AC36 /* XCRemoteSwiftPackageReference "lottie-spm" */ = {
			isa = XCRemoteSwiftPackageReference;
			repositoryURL = "https://github.com/airbnb/lottie-spm.git";
			requirement = {
				kind = upToNextMajorVersion;
				minimumVersion = 4.2.0;
			};
		};
/* End XCRemoteSwiftPackageReference section */

/* Begin XCSwiftPackageProductDependency section */
		CB3D5BF32A9F35A50090AC36 /* Alamofire */ = {
			isa = XCSwiftPackageProductDependency;
			package = CB3D5BF22A9F35A50090AC36 /* XCRemoteSwiftPackageReference "Alamofire" */;
			productName = Alamofire;
		};
		CB3D5BF62A9F3B7F0090AC36 /* SDWebImage */ = {
			isa = XCSwiftPackageProductDependency;
			package = CB3D5BF52A9F3B7F0090AC36 /* XCRemoteSwiftPackageReference "SDWebImage" */;
			productName = SDWebImage;
		};
		CB3D5BFC2A9F3ECE0090AC36 /* Lottie */ = {
			isa = XCSwiftPackageProductDependency;
			package = CB3D5BFB2A9F3ECE0090AC36 /* XCRemoteSwiftPackageReference "lottie-spm" */;
			productName = Lottie;
		};
/* End XCSwiftPackageProductDependency section */
	};
	rootObject = CB3D5B6D2A9F33490090AC36 /* Project object */;
}
